// !$*UTF8*$!
{
	archiveVersion = 1;
	classes = {
	};
	objectVersion = 46;
	objects = {

/* Begin PBXBuildFile section */
		6C8B09F01A0551FB006752B6 /* WhiskeyViewController.m in Sources */ = {isa = PBXBuildFile; fileRef = 6C8B09EF1A0551FB006752B6 /* WhiskeyViewController.m */; };
		6CB8621C1A057053006488B8 /* MainMenuViewController.m in Sources */ = {isa = PBXBuildFile; fileRef = 6CB8621B1A057053006488B8 /* MainMenuViewController.m */; };
		6CD06EB51A002C2000A11BEA /* main.m in Sources */ = {isa = PBXBuildFile; fileRef = 6CD06EB41A002C2000A11BEA /* main.m */; };
		6CD06EB81A002C2000A11BEA /* AppDelegate.m in Sources */ = {isa = PBXBuildFile; fileRef = 6CD06EB71A002C2000A11BEA /* AppDelegate.m */; };
		6CD06EBB1A002C2000A11BEA /* ViewController.m in Sources */ = {isa = PBXBuildFile; fileRef = 6CD06EBA1A002C2000A11BEA /* ViewController.m */; };
		6CD06EC01A002C2000A11BEA /* Images.xcassets in Resources */ = {isa = PBXBuildFile; fileRef = 6CD06EBF1A002C2000A11BEA /* Images.xcassets */; };
		6CD06EC31A002C2000A11BEA /* LaunchScreen.xib in Resources */ = {isa = PBXBuildFile; fileRef = 6CD06EC11A002C2000A11BEA /* LaunchScreen.xib */; };
		6CD06ECF1A002C2000A11BEA /* AlcolatorTests.m in Sources */ = {isa = PBXBuildFile; fileRef = 6CD06ECE1A002C2000A11BEA /* AlcolatorTests.m */; };
/* End PBXBuildFile section */

/* Begin PBXContainerItemProxy section */
		6CD06EC91A002C2000A11BEA /* PBXContainerItemProxy */ = {
			isa = PBXContainerItemProxy;
			containerPortal = 6CD06EA71A002C2000A11BEA /* Project object */;
			proxyType = 1;
			remoteGlobalIDString = 6CD06EAE1A002C2000A11BEA;
			remoteInfo = Alcolator;
		};
/* End PBXContainerItemProxy section */

/* Begin PBXFileReference section */
		6C8B09EE1A0551FB006752B6 /* WhiskeyViewController.h */ = {isa = PBXFileReference; fileEncoding = 4; lastKnownFileType = sourcecode.c.h; path = WhiskeyViewController.h; sourceTree = "<group>"; };
		6C8B09EF1A0551FB006752B6 /* WhiskeyViewController.m */ = {isa = PBXFileReference; fileEncoding = 4; lastKnownFileType = sourcecode.c.objc; path = WhiskeyViewController.m; sourceTree = "<group>"; };
		6CB8621A1A057053006488B8 /* MainMenuViewController.h */ = {isa = PBXFileReference; fileEncoding = 4; lastKnownFileType = sourcecode.c.h; path = MainMenuViewController.h; sourceTree = "<group>"; };
		6CB8621B1A057053006488B8 /* MainMenuViewController.m */ = {isa = PBXFileReference; fileEncoding = 4; lastKnownFileType = sourcecode.c.objc; path = MainMenuViewController.m; sourceTree = "<group>"; };
		6CD06EAF1A002C2000A11BEA /* Alcolator.app */ = {isa = PBXFileReference; explicitFileType = wrapper.application; includeInIndex = 0; path = Alcolator.app; sourceTree = BUILT_PRODUCTS_DIR; };
		6CD06EB31A002C2000A11BEA /* Info.plist */ = {isa = PBXFileReference; lastKnownFileType = text.plist.xml; path = Info.plist; sourceTree = "<group>"; };
		6CD06EB41A002C2000A11BEA /* main.m */ = {isa = PBXFileReference; lastKnownFileType = sourcecode.c.objc; path = main.m; sourceTree = "<group>"; };
		6CD06EB61A002C2000A11BEA /* AppDelegate.h */ = {isa = PBXFileReference; lastKnownFileType = sourcecode.c.h; path = AppDelegate.h; sourceTree = "<group>"; };
		6CD06EB71A002C2000A11BEA /* AppDelegate.m */ = {isa = PBXFileReference; lastKnownFileType = sourcecode.c.objc; path = AppDelegate.m; sourceTree = "<group>"; };
		6CD06EB91A002C2000A11BEA /* ViewController.h */ = {isa = PBXFileReference; lastKnownFileType = sourcecode.c.h; path = ViewController.h; sourceTree = "<group>"; };
		6CD06EBA1A002C2000A11BEA /* ViewController.m */ = {isa = PBXFileReference; lastKnownFileType = sourcecode.c.objc; path = ViewController.m; sourceTree = "<group>"; };
		6CD06EBF1A002C2000A11BEA /* Images.xcassets */ = {isa = PBXFileReference; lastKnownFileType = folder.assetcatalog; path = Images.xcassets; sourceTree = "<group>"; };
		6CD06EC21A002C2000A11BEA /* Base */ = {isa = PBXFileReference; lastKnownFileType = file.xib; name = Base; path = Base.lproj/LaunchScreen.xib; sourceTree = "<group>"; };
		6CD06EC81A002C2000A11BEA /* AlcolatorTests.xctest */ = {isa = PBXFileReference; explicitFileType = wrapper.cfbundle; includeInIndex = 0; path = AlcolatorTests.xctest; sourceTree = BUILT_PRODUCTS_DIR; };
		6CD06ECD1A002C2000A11BEA /* Info.plist */ = {isa = PBXFileReference; lastKnownFileType = text.plist.xml; path = Info.plist; sourceTree = "<group>"; };
		6CD06ECE1A002C2000A11BEA /* AlcolatorTests.m */ = {isa = PBXFileReference; lastKnownFileType = sourcecode.c.objc; path = AlcolatorTests.m; sourceTree = "<group>"; };
/* End PBXFileReference section */

/* Begin PBXFrameworksBuildPhase section */
		6CD06EAC1A002C2000A11BEA /* Frameworks */ = {
			isa = PBXFrameworksBuildPhase;
			buildActionMask = 2147483647;
			files = (
			);
			runOnlyForDeploymentPostprocessing = 0;
		};
		6CD06EC51A002C2000A11BEA /* Frameworks */ = {
			isa = PBXFrameworksBuildPhase;
			buildActionMask = 2147483647;
			files = (
			);
			runOnlyForDeploymentPostprocessing = 0;
		};
/* End PBXFrameworksBuildPhase section */

/* Begin PBXGroup section */
		6CD06EA61A002C2000A11BEA = {
			isa = PBXGroup;
			children = (
				6CD06EB11A002C2000A11BEA /* Alcolator */,
				6CD06ECB1A002C2000A11BEA /* AlcolatorTests */,
				6CD06EB01A002C2000A11BEA /* Products */,
			);
			sourceTree = "<group>";
		};
		6CD06EB01A002C2000A11BEA /* Products */ = {
			isa = PBXGroup;
			children = (
				6CD06EAF1A002C2000A11BEA /* Alcolator.app */,
				6CD06EC81A002C2000A11BEA /* AlcolatorTests.xctest */,
			);
			name = Products;
			sourceTree = "<group>";
		};
		6CD06EB11A002C2000A11BEA /* Alcolator */ = {
			isa = PBXGroup;
			children = (
				6CD06EB61A002C2000A11BEA /* AppDelegate.h */,
				6CD06EB71A002C2000A11BEA /* AppDelegate.m */,
				6CB8621A1A057053006488B8 /* MainMenuViewController.h */,
				6CB8621B1A057053006488B8 /* MainMenuViewController.m */,
				6CD06EB91A002C2000A11BEA /* ViewController.h */,
				6CD06EBA1A002C2000A11BEA /* ViewController.m */,
				6C8B09EE1A0551FB006752B6 /* WhiskeyViewController.h */,
				6C8B09EF1A0551FB006752B6 /* WhiskeyViewController.m */,
				6CD06EBF1A002C2000A11BEA /* Images.xcassets */,
				6CD06EC11A002C2000A11BEA /* LaunchScreen.xib */,
				6CD06EB21A002C2000A11BEA /* Supporting Files */,
			);
			path = Alcolator;
			sourceTree = "<group>";
		};
		6CD06EB21A002C2000A11BEA /* Supporting Files */ = {
			isa = PBXGroup;
			children = (
				6CD06EB31A002C2000A11BEA /* Info.plist */,
				6CD06EB41A002C2000A11BEA /* main.m */,
			);
			name = "Supporting Files";
			sourceTree = "<group>";
		};
		6CD06ECB1A002C2000A11BEA /* AlcolatorTests */ = {
			isa = PBXGroup;
			children = (
				6CD06ECE1A002C2000A11BEA /* AlcolatorTests.m */,
				6CD06ECC1A002C2000A11BEA /* Supporting Files */,
			);
			path = AlcolatorTests;
			sourceTree = "<group>";
		};
		6CD06ECC1A002C2000A11BEA /* Supporting Files */ = {
			isa = PBXGroup;
			children = (
				6CD06ECD1A002C2000A11BEA /* Info.plist */,
			);
			name = "Supporting Files";
			sourceTree = "<group>";
		};
/* End PBXGroup section */

/* Begin PBXNativeTarget section */
		6CD06EAE1A002C2000A11BEA /* Alcolator */ = {
			isa = PBXNativeTarget;
			buildConfigurationList = 6CD06ED21A002C2000A11BEA /* Build configuration list for PBXNativeTarget "Alcolator" */;
			buildPhases = (
				6CD06EAB1A002C2000A11BEA /* Sources */,
				6CD06EAC1A002C2000A11BEA /* Frameworks */,
				6CD06EAD1A002C2000A11BEA /* Resources */,
			);
			buildRules = (
			);
			dependencies = (
			);
			name = Alcolator;
			productName = Alcolator;
			productReference = 6CD06EAF1A002C2000A11BEA /* Alcolator.app */;
			productType = "com.apple.product-type.application";
		};
		6CD06EC71A002C2000A11BEA /* AlcolatorTests */ = {
			isa = PBXNativeTarget;
			buildConfigurationList = 6CD06ED51A002C2000A11BEA /* Build configuration list for PBXNativeTarget "AlcolatorTests" */;
			buildPhases = (
				6CD06EC41A002C2000A11BEA /* Sources */,
				6CD06EC51A002C2000A11BEA /* Frameworks */,
				6CD06EC61A002C2000A11BEA /* Resources */,
			);
			buildRules = (
			);
			dependencies = (
				6CD06ECA1A002C2000A11BEA /* PBXTargetDependency */,
			);
			name = AlcolatorTests;
			productName = AlcolatorTests;
			productReference = 6CD06EC81A002C2000A11BEA /* AlcolatorTests.xctest */;
			productType = "com.apple.product-type.bundle.unit-test";
		};
/* End PBXNativeTarget section */

/* Begin PBXProject section */
		6CD06EA71A002C2000A11BEA /* Project object */ = {
			isa = PBXProject;
			attributes = {
				LastUpgradeCheck = 0610;
				ORGANIZATIONNAME = ddApps;
				TargetAttributes = {
					6CD06EAE1A002C2000A11BEA = {
						CreatedOnToolsVersion = 6.1;
					};
					6CD06EC71A002C2000A11BEA = {
						CreatedOnToolsVersion = 6.1;
						TestTargetID = 6CD06EAE1A002C2000A11BEA;
					};
				};
			};
			buildConfigurationList = 6CD06EAA1A002C2000A11BEA /* Build configuration list for PBXProject "Alcolator" */;
			compatibilityVersion = "Xcode 3.2";
			developmentRegion = English;
			hasScannedForEncodings = 0;
			knownRegions = (
				en,
				Base,
			);
			mainGroup = 6CD06EA61A002C2000A11BEA;
			productRefGroup = 6CD06EB01A002C2000A11BEA /* Products */;
			projectDirPath = "";
			projectRoot = "";
			targets = (
				6CD06EAE1A002C2000A11BEA /* Alcolator */,
				6CD06EC71A002C2000A11BEA /* AlcolatorTests */,
			);
		};
/* End PBXProject section */

/* Begin PBXResourcesBuildPhase section */
		6CD06EAD1A002C2000A11BEA /* Resources */ = {
			isa = PBXResourcesBuildPhase;
			buildActionMask = 2147483647;
			files = (
				6CD06EC31A002C2000A11BEA /* LaunchScreen.xib in Resources */,
				6CD06EC01A002C2000A11BEA /* Images.xcassets in Resources */,
			);
			runOnlyForDeploymentPostprocessing = 0;
		};
		6CD06EC61A002C2000A11BEA /* Resources */ = {
			isa = PBXResourcesBuildPhase;
			buildActionMask = 2147483647;
			files = (
			);
			runOnlyForDeploymentPostprocessing = 0;
		};
/* End PBXResourcesBuildPhase section */

/* Begin PBXSourcesBuildPhase section */
		6CD06EAB1A002C2000A11BEA /* Sources */ = {
			isa = PBXSourcesBuildPhase;
			buildActionMask = 2147483647;
			files = (
				6CD06EBB1A002C2000A11BEA /* ViewController.m in Sources */,
				6C8B09F01A0551FB006752B6 /* WhiskeyViewController.m in Sources */,
				6CD06EB81A002C2000A11BEA /* AppDelegate.m in Sources */,
				6CD06EB51A002C2000A11BEA /* main.m in Sources */,
				6CB8621C1A057053006488B8 /* MainMenuViewController.m in Sources */,
			);
			runOnlyForDeploymentPostprocessing = 0;
		};
		6CD06EC41A002C2000A11BEA /* Sources */ = {
			isa = PBXSourcesBuildPhase;
			buildActionMask = 2147483647;
			files = (
				6CD06ECF1A002C2000A11BEA /* AlcolatorTests.m in Sources */,
			);
			runOnlyForDeploymentPostprocessing = 0;
		};
/* End PBXSourcesBuildPhase section */

/* Begin PBXTargetDependency section */
		6CD06ECA1A002C2000A11BEA /* PBXTargetDependency */ = {
			isa = PBXTargetDependency;
			target = 6CD06EAE1A002C2000A11BEA /* Alcolator */;
			targetProxy = 6CD06EC91A002C2000A11BEA /* PBXContainerItemProxy */;
		};
/* End PBXTargetDependency section */

/* Begin PBXVariantGroup section */
		6CD06EC11A002C2000A11BEA /* LaunchScreen.xib */ = {
			isa = PBXVariantGroup;
			children = (
				6CD06EC21A002C2000A11BEA /* Base */,
			);
			name = LaunchScreen.xib;
			sourceTree = "<group>";
		};
/* End PBXVariantGroup section */

/* Begin XCBuildConfiguration section */
		6CD06ED01A002C2000A11BEA /* Debug */ = {
			isa = XCBuildConfiguration;
			buildSettings = {
				ALWAYS_SEARCH_USER_PATHS = NO;
				CLANG_CXX_LANGUAGE_STANDARD = "gnu++0x";
				CLANG_CXX_LIBRARY = "libc++";
				CLANG_ENABLE_MODULES = YES;
				CLANG_ENABLE_OBJC_ARC = YES;
				CLANG_WARN_BOOL_CONVERSION = YES;
				CLANG_WARN_CONSTANT_CONVERSION = YES;
				CLANG_WARN_DIRECT_OBJC_ISA_USAGE = YES_ERROR;
				CLANG_WARN_EMPTY_BODY = YES;
				CLANG_WARN_ENUM_CONVERSION = YES;
				CLANG_WARN_INT_CONVERSION = YES;
				CLANG_WARN_OBJC_ROOT_CLASS = YES_ERROR;
				CLANG_WARN_UNREACHABLE_CODE = YES;
				CLANG_WARN__DUPLICATE_METHOD_MATCH = YES;
				"CODE_SIGN_IDENTITY[sdk=iphoneos*]" = "iPhone Developer";
				COPY_PHASE_STRIP = NO;
				ENABLE_STRICT_OBJC_MSGSEND = YES;
				GCC_C_LANGUAGE_STANDARD = gnu99;
				GCC_DYNAMIC_NO_PIC = NO;
				GCC_OPTIMIZATION_LEVEL = 0;
				GCC_PREPROCESSOR_DEFINITIONS = (
					"DEBUG=1",
					"$(inherited)",
				);
				GCC_SYMBOLS_PRIVATE_EXTERN = NO;
				GCC_WARN_64_TO_32_BIT_CONVERSION = YES;
				GCC_WARN_ABOUT_RETURN_TYPE = YES_ERROR;
				GCC_WARN_UNDECLARED_SELECTOR = YES;
				GCC_WARN_UNINITIALIZED_AUTOS = YES_AGGRESSIVE;
				GCC_WARN_UNUSED_FUNCTION = YES;
				GCC_WARN_UNUSED_VARIABLE = YES;
				IPHONEOS_DEPLOYMENT_TARGET = 8.1;
				MTL_ENABLE_DEBUG_INFO = YES;
				ONLY_ACTIVE_ARCH = YES;
				SDKROOT = iphoneos;
			};
			name = Debug;
		};
		6CD06ED11A002C2000A11BEA /* Release */ = {
			isa = XCBuildConfiguration;
			buildSettings = {
				ALWAYS_SEARCH_USER_PATHS = NO;
				CLANG_CXX_LANGUAGE_STANDARD = "gnu++0x";
				CLANG_CXX_LIBRARY = "libc++";
				CLANG_ENABLE_MODULES = YES;
				CLANG_ENABLE_OBJC_ARC = YES;
				CLANG_WARN_BOOL_CONVERSION = YES;
				CLANG_WARN_CONSTANT_CONVERSION = YES;
				CLANG_WARN_DIRECT_OBJC_ISA_USAGE = YES_ERROR;
				CLANG_WARN_EMPTY_BODY = YES;
				CLANG_WARN_ENUM_CONVERSION = YES;
				CLANG_WARN_INT_CONVERSION = YES;
				CLANG_WARN_OBJC_ROOT_CLASS = YES_ERROR;
				CLANG_WARN_UNREACHABLE_CODE = YES;
				CLANG_WARN__DUPLICATE_METHOD_MATCH = YES;
				"CODE_SIGN_IDENTITY[sdk=iphoneos*]" = "iPhone Developer";
				COPY_PHASE_STRIP = YES;
				ENABLE_NS_ASSERTIONS = NO;
				ENABLE_STRICT_OBJC_MSGSEND = YES;
				GCC_C_LANGUAGE_STANDARD = gnu99;
				GCC_WARN_64_TO_32_BIT_CONVERSION = YES;
				GCC_WARN_ABOUT_RETURN_TYPE = YES_ERROR;
				GCC_WARN_UNDECLARED_SELECTOR = YES;
				GCC_WARN_UNINITIALIZED_AUTOS = YES_AGGRESSIVE;
				GCC_WARN_UNUSED_FUNCTION = YES;
				GCC_WARN_UNUSED_VARIABLE = YES;
				IPHONEOS_DEPLOYMENT_TARGET = 8.1;
				MTL_ENABLE_DEBUG_INFO = NO;
				SDKROOT = iphoneos;
				VALIDATE_PRODUCT = YES;
			};
			name = Release;
		};
		6CD06ED31A002C2000A11BEA /* Debug */ = {
			isa = XCBuildConfiguration;
			buildSettings = {
				ASSETCATALOG_COMPILER_APPICON_NAME = AppIcon;
				INFOPLIST_FILE = Alcolator/Info.plist;
				LD_RUNPATH_SEARCH_PATHS = "$(inherited) @executable_path/Frameworks";
				PRODUCT_NAME = "$(TARGET_NAME)";
				TARGETED_DEVICE_FAMILY = "1,2";
			};
			name = Debug;
		};
		6CD06ED41A002C2000A11BEA /* Release */ = {
			isa = XCBuildConfiguration;
			buildSettings = {
				ASSETCATALOG_COMPILER_APPICON_NAME = AppIcon;
				INFOPLIST_FILE = Alcolator/Info.plist;
				LD_RUNPATH_SEARCH_PATHS = "$(inherited) @executable_path/Frameworks";
				PRODUCT_NAME = "$(TARGET_NAME)";
				TARGETED_DEVICE_FAMILY = "1,2";
			};
			name = Release;
		};
		6CD06ED61A002C2000A11BEA /* Debug */ = {
			isa = XCBuildConfiguration;
			buildSettings = {
				BUNDLE_LOADER = "$(TEST_HOST)";
				FRAMEWORK_SEARCH_PATHS = (
					"$(SDKROOT)/Developer/Library/Frameworks",
					"$(inherited)",
				);
				GCC_PREPROCESSOR_DEFINITIONS = (
					"DEBUG=1",
					"$(inherited)",
				);
				INFOPLIST_FILE = AlcolatorTests/Info.plist;
				LD_RUNPATH_SEARCH_PATHS = "$(inherited) @executable_path/Frameworks @loader_path/Frameworks";
				PRODUCT_NAME = "$(TARGET_NAME)";
				TEST_HOST = "$(BUILT_PRODUCTS_DIR)/Alcolator.app/Alcolator";
			};
			name = Debug;
		};
		6CD06ED71A002C2000A11BEA /* Release */ = {
			isa = XCBuildConfiguration;
			buildSettings = {
				BUNDLE_LOADER = "$(TEST_HOST)";
				FRAMEWORK_SEARCH_PATHS = (
					"$(SDKROOT)/Developer/Library/Frameworks",
					"$(inherited)",
				);
				INFOPLIST_FILE = AlcolatorTests/Info.plist;
				LD_RUNPATH_SEARCH_PATHS = "$(inherited) @executable_path/Frameworks @loader_path/Frameworks";
				PRODUCT_NAME = "$(TARGET_NAME)";
				TEST_HOST = "$(BUILT_PRODUCTS_DIR)/Alcolator.app/Alcolator";
			};
			name = Release;
		};
/* End XCBuildConfiguration section */

/* Begin XCConfigurationList section */
		6CD06EAA1A002C2000A11BEA /* Build configuration list for PBXProject "Alcolator" */ = {
			isa = XCConfigurationList;
			buildConfigurations = (
				6CD06ED01A002C2000A11BEA /* Debug */,
				6CD06ED11A002C2000A11BEA /* Release */,
			);
			defaultConfigurationIsVisible = 0;
			defaultConfigurationName = Release;
		};
		6CD06ED21A002C2000A11BEA /* Build configuration list for PBXNativeTarget "Alcolator" */ = {
			isa = XCConfigurationList;
			buildConfigurations = (
				6CD06ED31A002C2000A11BEA /* Debug */,
				6CD06ED41A002C2000A11BEA /* Release */,
			);
			defaultConfigurationIsVisible = 0;
			defaultConfigurationName = Release;
		};
		6CD06ED51A002C2000A11BEA /* Build configuration list for PBXNativeTarget "AlcolatorTests" */ = {
			isa = XCConfigurationList;
			buildConfigurations = (
				6CD06ED61A002C2000A11BEA /* Debug */,
				6CD06ED71A002C2000A11BEA /* Release */,
			);
			defaultConfigurationIsVisible = 0;
			defaultConfigurationName = Release;
		};
/* End XCConfigurationList section */
	};
	rootObject = 6CD06EA71A002C2000A11BEA /* Project object */;
}
